
Microsoft Visual Studio Solution File, Format Version 12.00
# Visual Studio Version 17
VisualStudioVersion = 17.14.36414.22
MinimumVisualStudioVersion = 10.0.40219.1
Project("{2150E333-8FDC-42A3-9474-1A3956D46DE8}") = "src", "src", "{02EA681E-C7D8-13C7-8484-4AC65E1B71E8}"
EndProject
Project("{2150E333-8FDC-42A3-9474-1A3956D46DE8}") = "01.Domain", "01.Domain", "{C582DBE0-3662-4D08-AE89-CF9A5942D8DB}"
EndProject
Project("{2150E333-8FDC-42A3-9474-1A3956D46DE8}") = "02.Infrastructure", "02.Infrastructure", "{116602BF-CECA-4F46-A72C-7BD81AB7056C}"
EndProject
Project("{2150E333-8FDC-42A3-9474-1A3956D46DE8}") = "03.Presentasion", "03.Presentasion", "{B26EDD83-ED87-4B0D-8337-A54C5C2EDBF9}"
EndProject
Project("{2150E333-8FDC-42A3-9474-1A3956D46DE8}") = "Core", "Core", "{B9AFA7F8-055D-4630-B337-1E75EADBEAD4}"
EndProject
Project("{2150E333-8FDC-42A3-9474-1A3956D46DE8}") = "Services", "Services", "{AFD48708-A6E3-4133-9696-7747BAECD640}"
EndProject
Project("{FAE04EC0-301F-11D3-BF4B-00C04F79EFBC}") = "Asistant_Domain_Core", "src\01.Domain\Core\Asistant_Domain_Core\Asistant_Domain_Core.csproj", "{4F0C6470-21ED-488B-9B43-FF8153D5EB28}"
EndProject
Project("{FAE04EC0-301F-11D3-BF4B-00C04F79EFBC}") = "Asistant_Domain_Service", "src\01.Domain\Services\Asistant_Domain_Service\Asistant_Domain_Service.csproj", "{77AF71E4-3497-4D8B-BC69-7E483399FF17}"
EndProject
Project("{FAE04EC0-301F-11D3-BF4B-00C04F79EFBC}") = "Asistant_Domain_AppService", "src\01.Domain\Services\Asistant_Domain_AppService\Asistant_Domain_AppService.csproj", "{C6E620A0-0AB8-486F-91F4-FC8C12A9C4AE}"
EndProject
Project("{2150E333-8FDC-42A3-9474-1A3956D46DE8}") = "Infra.Db.Sql", "Infra.Db.Sql", "{94403C0A-869F-4B47-9A62-0D807D3E2540}"
EndProject
Project("{2150E333-8FDC-42A3-9474-1A3956D46DE8}") = "Infra.Repository", "Infra.Repository", "{EC7AD0C5-F584-4FA7-A7B2-BB45DD0C4E29}"
EndProject
Project("{2150E333-8FDC-42A3-9474-1A3956D46DE8}") = "Infra.Provider", "Infra.Provider", "{C8C59168-6F4A-4D95-88B2-638AF58585CA}"
EndProject
Project("{FAE04EC0-301F-11D3-BF4B-00C04F79EFBC}") = "Asistant_Infra_Db_Sql", "src\02.Infrastructure\Infra.Db.Sql\Asistant_Infra_Db_Sql\Asistant_Infra_Db_Sql.csproj", "{8B5B5E4D-8B22-48AB-97EF-520E362FDF87}"
EndProject
Project("{FAE04EC0-301F-11D3-BF4B-00C04F79EFBC}") = "Asistant_Infra_Repository", "src\02.Infrastructure\Infra.Repository\Asistant_Infra_Repository\Asistant_Infra_Repository.csproj", "{B4A06056-6FA4-4D19-A5B4-652BBFD31CAB}"
EndProject
Project("{FAE04EC0-301F-11D3-BF4B-00C04F79EFBC}") = "Asistant", "src\03.Presentasion\Asistant\Asistant.csproj", "{B3A35F0F-4A5D-425D-BF54-F2A57D3B8F36}"
EndProject
Project("{2150E333-8FDC-42A3-9474-1A3956D46DE8}") = "00.FrameWork", "00.FrameWork", "{8E16CCF6-0E1B-44D7-93D4-9A7DCA7E3CCE}"
EndProject
Project("{FAE04EC0-301F-11D3-BF4B-00C04F79EFBC}") = "Asistant_FrameWork", "src\00.FrameWork\Asistant_FrameWork\Asistant_FrameWork.csproj", "{5CDD967E-0056-4238-BF16-84BD5CF94371}"
EndProject
Project("{2150E333-8FDC-42A3-9474-1A3956D46DE8}") = "Infra.File", "Infra.File", "{B67E3CEF-4E29-4752-AFDE-B09202124F02}"
EndProject
Project("{FAE04EC0-301F-11D3-BF4B-00C04F79EFBC}") = "Asistant_Infra_File", "src\02.Infrastructure\Infra.File\Asistant_Infra_File\Asistant_Infra_File.csproj", "{2270D9FF-E342-4EDD-B0BD-DC0AF7325656}"
EndProject
Project("{2150E333-8FDC-42A3-9474-1A3956D46DE8}") = "Infra.Extension", "Infra.Extension", "{E9535A2D-6C64-4E8A-90FC-E46A12861DDA}"
EndProject
Project("{FAE04EC0-301F-11D3-BF4B-00C04F79EFBC}") = "Asistant_Infra_Extensions", "src\02.Infrastructure\Infra.Extensions\Asistant_Infra_Extensions\Asistant_Infra_Extensions.csproj", "{9AC961BF-1DEC-4060-A3C5-BF2B57FAFFE1}"
EndProject
Project("{2150E333-8FDC-42A3-9474-1A3956D46DE8}") = "Infra.Cache", "Infra.Cache", "{3B952E24-D5AD-418A-9224-24FF12E62D51}"
EndProject
Project("{FAE04EC0-301F-11D3-BF4B-00C04F79EFBC}") = "Asistant_Infra_Cache", "src\02.Infrastructure\Infra.Cache\Asistant_Infra_Cache\Asistant_Infra_Cache.csproj", "{9A5E2BA1-5D32-491E-A20D-C22ABA22A3B5}"
EndProject
Project("{FAE04EC0-301F-11D3-BF4B-00C04F79EFBC}") = "Asistant_Presentasion_Api", "src\03.Presentasion\Asistant_WebApi\Asistant_Presentasion_Api\Asistant_Presentasion_Api.csproj", "{43F8E395-6475-40A4-81E2-6CAEA1B55178}"
EndProject
Project("{2150E333-8FDC-42A3-9474-1A3956D46DE8}") = "Infra.Db.Dapper", "Infra.Db.Dapper", "{B4AC196F-3F45-4213-8138-A8A9A8DF9C09}"
EndProject
Project("{FAE04EC0-301F-11D3-BF4B-00C04F79EFBC}") = "Asistant_Infra_Db_Dapper", "src\02.Infrastructure\Infra.Db.Dapper\Asistant_Infra_Db_Dapper\Asistant_Infra_Db_Dapper.csproj", "{1444AA25-4590-4C01-A5B7-5E67E71AAC5F}"
EndProject
Global
	GlobalSection(SolutionConfigurationPlatforms) = preSolution
		Debug|Any CPU = Debug|Any CPU
		Release|Any CPU = Release|Any CPU
	EndGlobalSection
	GlobalSection(ProjectConfigurationPlatforms) = postSolution
		{4F0C6470-21ED-488B-9B43-FF8153D5EB28}.Debug|Any CPU.ActiveCfg = Debug|Any CPU
		{4F0C6470-21ED-488B-9B43-FF8153D5EB28}.Debug|Any CPU.Build.0 = Debug|Any CPU
		{4F0C6470-21ED-488B-9B43-FF8153D5EB28}.Release|Any CPU.ActiveCfg = Release|Any CPU
		{4F0C6470-21ED-488B-9B43-FF8153D5EB28}.Release|Any CPU.Build.0 = Release|Any CPU
		{77AF71E4-3497-4D8B-BC69-7E483399FF17}.Debug|Any CPU.ActiveCfg = Debug|Any CPU
		{77AF71E4-3497-4D8B-BC69-7E483399FF17}.Debug|Any CPU.Build.0 = Debug|Any CPU
		{77AF71E4-3497-4D8B-BC69-7E483399FF17}.Release|Any CPU.ActiveCfg = Release|Any CPU
		{77AF71E4-3497-4D8B-BC69-7E483399FF17}.Release|Any CPU.Build.0 = Release|Any CPU
		{C6E620A0-0AB8-486F-91F4-FC8C12A9C4AE}.Debug|Any CPU.ActiveCfg = Debug|Any CPU
		{C6E620A0-0AB8-486F-91F4-FC8C12A9C4AE}.Debug|Any CPU.Build.0 = Debug|Any CPU
		{C6E620A0-0AB8-486F-91F4-FC8C12A9C4AE}.Release|Any CPU.ActiveCfg = Release|Any CPU
		{C6E620A0-0AB8-486F-91F4-FC8C12A9C4AE}.Release|Any CPU.Build.0 = Release|Any CPU
		{8B5B5E4D-8B22-48AB-97EF-520E362FDF87}.Debug|Any CPU.ActiveCfg = Debug|Any CPU
		{8B5B5E4D-8B22-48AB-97EF-520E362FDF87}.Debug|Any CPU.Build.0 = Debug|Any CPU
		{8B5B5E4D-8B22-48AB-97EF-520E362FDF87}.Release|Any CPU.ActiveCfg = Release|Any CPU
		{8B5B5E4D-8B22-48AB-97EF-520E362FDF87}.Release|Any CPU.Build.0 = Release|Any CPU
		{B4A06056-6FA4-4D19-A5B4-652BBFD31CAB}.Debug|Any CPU.ActiveCfg = Debug|Any CPU
		{B4A06056-6FA4-4D19-A5B4-652BBFD31CAB}.Debug|Any CPU.Build.0 = Debug|Any CPU
		{B4A06056-6FA4-4D19-A5B4-652BBFD31CAB}.Release|Any CPU.ActiveCfg = Release|Any CPU
		{B4A06056-6FA4-4D19-A5B4-652BBFD31CAB}.Release|Any CPU.Build.0 = Release|Any CPU
		{B3A35F0F-4A5D-425D-BF54-F2A57D3B8F36}.Debug|Any CPU.ActiveCfg = Debug|Any CPU
		{B3A35F0F-4A5D-425D-BF54-F2A57D3B8F36}.Debug|Any CPU.Build.0 = Debug|Any CPU
		{B3A35F0F-4A5D-425D-BF54-F2A57D3B8F36}.Release|Any CPU.ActiveCfg = Release|Any CPU
		{B3A35F0F-4A5D-425D-BF54-F2A57D3B8F36}.Release|Any CPU.Build.0 = Release|Any CPU
		{5CDD967E-0056-4238-BF16-84BD5CF94371}.Debug|Any CPU.ActiveCfg = Debug|Any CPU
		{5CDD967E-0056-4238-BF16-84BD5CF94371}.Debug|Any CPU.Build.0 = Debug|Any CPU
		{5CDD967E-0056-4238-BF16-84BD5CF94371}.Release|Any CPU.ActiveCfg = Release|Any CPU
		{5CDD967E-0056-4238-BF16-84BD5CF94371}.Release|Any CPU.Build.0 = Release|Any CPU
		{2270D9FF-E342-4EDD-B0BD-DC0AF7325656}.Debug|Any CPU.ActiveCfg = Debug|Any CPU
		{2270D9FF-E342-4EDD-B0BD-DC0AF7325656}.Debug|Any CPU.Build.0 = Debug|Any CPU
		{2270D9FF-E342-4EDD-B0BD-DC0AF7325656}.Release|Any CPU.ActiveCfg = Release|Any CPU
		{2270D9FF-E342-4EDD-B0BD-DC0AF7325656}.Release|Any CPU.Build.0 = Release|Any CPU
		{9AC961BF-1DEC-4060-A3C5-BF2B57FAFFE1}.Debug|Any CPU.ActiveCfg = Debug|Any CPU
		{9AC961BF-1DEC-4060-A3C5-BF2B57FAFFE1}.Debug|Any CPU.Build.0 = Debug|Any CPU
		{9AC961BF-1DEC-4060-A3C5-BF2B57FAFFE1}.Release|Any CPU.ActiveCfg = Release|Any CPU
		{9AC961BF-1DEC-4060-A3C5-BF2B57FAFFE1}.Release|Any CPU.Build.0 = Release|Any CPU
		{9A5E2BA1-5D32-491E-A20D-C22ABA22A3B5}.Debug|Any CPU.ActiveCfg = Debug|Any CPU
		{9A5E2BA1-5D32-491E-A20D-C22ABA22A3B5}.Debug|Any CPU.Build.0 = Debug|Any CPU
		{9A5E2BA1-5D32-491E-A20D-C22ABA22A3B5}.Release|Any CPU.ActiveCfg = Release|Any CPU
		{9A5E2BA1-5D32-491E-A20D-C22ABA22A3B5}.Release|Any CPU.Build.0 = Release|Any CPU
		{43F8E395-6475-40A4-81E2-6CAEA1B55178}.Debug|Any CPU.ActiveCfg = Debug|Any CPU
		{43F8E395-6475-40A4-81E2-6CAEA1B55178}.Debug|Any CPU.Build.0 = Debug|Any CPU
		{43F8E395-6475-40A4-81E2-6CAEA1B55178}.Release|Any CPU.ActiveCfg = Release|Any CPU
		{43F8E395-6475-40A4-81E2-6CAEA1B55178}.Release|Any CPU.Build.0 = Release|Any CPU
		{1444AA25-4590-4C01-A5B7-5E67E71AAC5F}.Debug|Any CPU.ActiveCfg = Debug|Any CPU
		{1444AA25-4590-4C01-A5B7-5E67E71AAC5F}.Debug|Any CPU.Build.0 = Debug|Any CPU
		{1444AA25-4590-4C01-A5B7-5E67E71AAC5F}.Release|Any CPU.ActiveCfg = Release|Any CPU
		{1444AA25-4590-4C01-A5B7-5E67E71AAC5F}.Release|Any CPU.Build.0 = Release|Any CPU
	EndGlobalSection
	GlobalSection(SolutionProperties) = preSolution
		HideSolutionNode = FALSE
	EndGlobalSection
	GlobalSection(NestedProjects) = preSolution
		{C582DBE0-3662-4D08-AE89-CF9A5942D8DB} = {02EA681E-C7D8-13C7-8484-4AC65E1B71E8}
		{116602BF-CECA-4F46-A72C-7BD81AB7056C} = {02EA681E-C7D8-13C7-8484-4AC65E1B71E8}
		{B26EDD83-ED87-4B0D-8337-A54C5C2EDBF9} = {02EA681E-C7D8-13C7-8484-4AC65E1B71E8}
		{B9AFA7F8-055D-4630-B337-1E75EADBEAD4} = {C582DBE0-3662-4D08-AE89-CF9A5942D8DB}
		{AFD48708-A6E3-4133-9696-7747BAECD640} = {C582DBE0-3662-4D08-AE89-CF9A5942D8DB}
		{4F0C6470-21ED-488B-9B43-FF8153D5EB28} = {B9AFA7F8-055D-4630-B337-1E75EADBEAD4}
		{77AF71E4-3497-4D8B-BC69-7E483399FF17} = {AFD48708-A6E3-4133-9696-7747BAECD640}
		{C6E620A0-0AB8-486F-91F4-FC8C12A9C4AE} = {AFD48708-A6E3-4133-9696-7747BAECD640}
		{94403C0A-869F-4B47-9A62-0D807D3E2540} = {116602BF-CECA-4F46-A72C-7BD81AB7056C}
		{EC7AD0C5-F584-4FA7-A7B2-BB45DD0C4E29} = {116602BF-CECA-4F46-A72C-7BD81AB7056C}
		{C8C59168-6F4A-4D95-88B2-638AF58585CA} = {116602BF-CECA-4F46-A72C-7BD81AB7056C}
		{8B5B5E4D-8B22-48AB-97EF-520E362FDF87} = {94403C0A-869F-4B47-9A62-0D807D3E2540}
		{B4A06056-6FA4-4D19-A5B4-652BBFD31CAB} = {EC7AD0C5-F584-4FA7-A7B2-BB45DD0C4E29}
		{B3A35F0F-4A5D-425D-BF54-F2A57D3B8F36} = {B26EDD83-ED87-4B0D-8337-A54C5C2EDBF9}
		{8E16CCF6-0E1B-44D7-93D4-9A7DCA7E3CCE} = {02EA681E-C7D8-13C7-8484-4AC65E1B71E8}
		{5CDD967E-0056-4238-BF16-84BD5CF94371} = {8E16CCF6-0E1B-44D7-93D4-9A7DCA7E3CCE}
		{B67E3CEF-4E29-4752-AFDE-B09202124F02} = {116602BF-CECA-4F46-A72C-7BD81AB7056C}
		{2270D9FF-E342-4EDD-B0BD-DC0AF7325656} = {B67E3CEF-4E29-4752-AFDE-B09202124F02}
		{E9535A2D-6C64-4E8A-90FC-E46A12861DDA} = {116602BF-CECA-4F46-A72C-7BD81AB7056C}
		{9AC961BF-1DEC-4060-A3C5-BF2B57FAFFE1} = {E9535A2D-6C64-4E8A-90FC-E46A12861DDA}
		{3B952E24-D5AD-418A-9224-24FF12E62D51} = {116602BF-CECA-4F46-A72C-7BD81AB7056C}
		{9A5E2BA1-5D32-491E-A20D-C22ABA22A3B5} = {3B952E24-D5AD-418A-9224-24FF12E62D51}
		{43F8E395-6475-40A4-81E2-6CAEA1B55178} = {B26EDD83-ED87-4B0D-8337-A54C5C2EDBF9}
		{B4AC196F-3F45-4213-8138-A8A9A8DF9C09} = {116602BF-CECA-4F46-A72C-7BD81AB7056C}
		{1444AA25-4590-4C01-A5B7-5E67E71AAC5F} = {B4AC196F-3F45-4213-8138-A8A9A8DF9C09}
	EndGlobalSection
	GlobalSection(ExtensibilityGlobals) = postSolution
		SolutionGuid = {4515A8E0-8481-4B98-B0EF-91E3AB18232A}
	EndGlobalSection
EndGlobal
